{
  "name": "webapp",
  "version": "1.0.0",
  "lockfileVersion": 1,
  "requires": true,
  "dependencies": {
    "bootstrap": {
      "version": "5.0.1",
      "resolved": "https://registry.npmjs.org/bootstrap/-/bootstrap-5.0.1.tgz",
      "integrity": "sha512-Fl79+wsLOZKoiU345KeEaWD0ik8WKRI5zm0YSPj2oF1Qr+BO7z0fco6GbUtqjoG1h4VI89PeKJnMsMMVQdKKTw=="
    },
    "sweetalert2": {
      "version": "11.0.16",
      "resolved": "https://registry.npmjs.org/sweetalert2/-/sweetalert2-11.0.16.tgz",
      "integrity": "sha512-9XStCZJMQpLQBAT/jr/4qZuA5Xwoupi/x5FagZYM1qGnyRqYecaJTPD1Cb5gc7G+9B5muH/JaDaBQGrvLpCmvQ=="
    }
  }
}
